
Microsoft Visual Studio Solution File, Format Version 12.00
# Visual Studio 15
VisualStudioVersion = 15.0.34526.175
MinimumVisualStudioVersion = 10.0.40219.1
Project("{8BC9CEB8-8B4A-11D0-8D11-00A0C91BC942}") = "结对", "结对\结对.vcxproj", "{F052AB5C-06B6-4D06-8E1D-374914D8D45E}"
EndProject
Global
	GlobalSection(SolutionConfigurationPlatforms) = preSolution
		Debug|x64 = Debug|x64
		Debug|x86 = Debug|x86
		Release|x64 = Release|x64
		Release|x86 = Release|x86
	EndGlobalSection
	GlobalSection(ProjectConfigurationPlatforms) = postSolution
		{F052AB5C-06B6-4D06-8E1D-374914D8D45E}.Debug|x64.ActiveCfg = Debug|x64
		{F052AB5C-06B6-4D06-8E1D-374914D8D45E}.Debug|x64.Build.0 = Debug|x64
		{F052AB5C-06B6-4D06-8E1D-374914D8D45E}.Debug|x86.ActiveCfg = Debug|Win32
		{F052AB5C-06B6-4D06-8E1D-374914D8D45E}.Debug|x86.Build.0 = Debug|Win32
		{F052AB5C-06B6-4D06-8E1D-374914D8D45E}.Release|x64.ActiveCfg = Release|x64
		{F052AB5C-06B6-4D06-8E1D-374914D8D45E}.Release|x64.Build.0 = Release|x64
		{F052AB5C-06B6-4D06-8E1D-374914D8D45E}.Release|x86.ActiveCfg = Release|Win32
		{F052AB5C-06B6-4D06-8E1D-374914D8D45E}.Release|x86.Build.0 = Release|Win32
	EndGlobalSection
	GlobalSection(SolutionProperties) = preSolution
		HideSolutionNode = FALSE
	EndGlobalSection
	GlobalSection(ExtensibilityGlobals) = postSolution
		SolutionGuid = {12C0F288-3436-487A-A2E9-76FA50ABBDE4}
	EndGlobalSection
EndGlobal
